
Microsoft Visual Studio Solution File, Format Version 12.00
# Visual Studio Version 17
VisualStudioVersion = 17.11.35208.52
MinimumVisualStudioVersion = 10.0.40219.1
Project("{FAE04EC0-301F-11D3-BF4B-00C04F79EFBC}") = "StaticData", "StaticData\StaticData.csproj", "{CC4BD992-2EED-4F6F-9545-CFB1162156AB}"
EndProject
Global
	GlobalSection(SolutionConfigurationPlatforms) = preSolution
		Debug|Any CPU = Debug|Any CPU
		Release|Any CPU = Release|Any CPU
	EndGlobalSection
	GlobalSection(ProjectConfigurationPlatforms) = postSolution
		{CC4BD992-2EED-4F6F-9545-CFB1162156AB}.Debug|Any CPU.ActiveCfg = Debug|Any CPU
		{CC4BD992-2EED-4F6F-9545-CFB1162156AB}.Debug|Any CPU.Build.0 = Debug|Any CPU
		{CC4BD992-2EED-4F6F-9545-CFB1162156AB}.Release|Any CPU.ActiveCfg = Release|Any CPU
		{CC4BD992-2EED-4F6F-9545-CFB1162156AB}.Release|Any CPU.Build.0 = Release|Any CPU
	EndGlobalSection
	GlobalSection(SolutionProperties) = preSolution
		HideSolutionNode = FALSE
	EndGlobalSection
	GlobalSection(ExtensibilityGlobals) = postSolution
		SolutionGuid = {00E6093A-04CB-4C22-A3F1-472B1A5C80FE}
	EndGlobalSection
EndGlobal
