
Microsoft Visual Studio Solution File, Format Version 12.00
# Visual Studio Version 17
VisualStudioVersion = 17.11.35208.52
MinimumVisualStudioVersion = 10.0.40219.1
Project("{FAE04EC0-301F-11D3-BF4B-00C04F79EFBC}") = "AnanymousMethodes", "AnanymousMethodes\AnanymousMethodes.csproj", "{D06A3E37-6141-4305-906F-2F1F4E942FBE}"
EndProject
Global
	GlobalSection(SolutionConfigurationPlatforms) = preSolution
		Debug|Any CPU = Debug|Any CPU
		Release|Any CPU = Release|Any CPU
	EndGlobalSection
	GlobalSection(ProjectConfigurationPlatforms) = postSolution
		{D06A3E37-6141-4305-906F-2F1F4E942FBE}.Debug|Any CPU.ActiveCfg = Debug|Any CPU
		{D06A3E37-6141-4305-906F-2F1F4E942FBE}.Debug|Any CPU.Build.0 = Debug|Any CPU
		{D06A3E37-6141-4305-906F-2F1F4E942FBE}.Release|Any CPU.ActiveCfg = Release|Any CPU
		{D06A3E37-6141-4305-906F-2F1F4E942FBE}.Release|Any CPU.Build.0 = Release|Any CPU
	EndGlobalSection
	GlobalSection(SolutionProperties) = preSolution
		HideSolutionNode = FALSE
	EndGlobalSection
	GlobalSection(ExtensibilityGlobals) = postSolution
		SolutionGuid = {8298FD83-A563-4725-AC1D-06DA21C6775F}
	EndGlobalSection
EndGlobal
