
Microsoft Visual Studio Solution File, Format Version 12.00
# Visual Studio Version 17
VisualStudioVersion = 17.11.35208.52
MinimumVisualStudioVersion = 10.0.40219.1
Project("{FAE04EC0-301F-11D3-BF4B-00C04F79EFBC}") = "OOP", "OOP\OOP.csproj", "{A1C8929A-3051-427F-879F-3A434AAEDCDF}"
EndProject
Global
	GlobalSection(SolutionConfigurationPlatforms) = preSolution
		Debug|Any CPU = Debug|Any CPU
		Release|Any CPU = Release|Any CPU
	EndGlobalSection
	GlobalSection(ProjectConfigurationPlatforms) = postSolution
		{A1C8929A-3051-427F-879F-3A434AAEDCDF}.Debug|Any CPU.ActiveCfg = Debug|Any CPU
		{A1C8929A-3051-427F-879F-3A434AAEDCDF}.Debug|Any CPU.Build.0 = Debug|Any CPU
		{A1C8929A-3051-427F-879F-3A434AAEDCDF}.Release|Any CPU.ActiveCfg = Release|Any CPU
		{A1C8929A-3051-427F-879F-3A434AAEDCDF}.Release|Any CPU.Build.0 = Release|Any CPU
	EndGlobalSection
	GlobalSection(SolutionProperties) = preSolution
		HideSolutionNode = FALSE
	EndGlobalSection
	GlobalSection(ExtensibilityGlobals) = postSolution
		SolutionGuid = {E7413944-69CB-4CFE-AB5B-1E4762E30BA0}
	EndGlobalSection
EndGlobal
