
Microsoft Visual Studio Solution File, Format Version 12.00
# Visual Studio Version 17
VisualStudioVersion = 17.11.35208.52
MinimumVisualStudioVersion = 10.0.40219.1
Project("{FAE04EC0-301F-11D3-BF4B-00C04F79EFBC}") = "ScopeOfVariables", "ScopeOfVariables\ScopeOfVariables.csproj", "{A128DA0F-19DA-4073-8525-D853F04DD3E3}"
EndProject
Global
	GlobalSection(SolutionConfigurationPlatforms) = preSolution
		Debug|Any CPU = Debug|Any CPU
		Release|Any CPU = Release|Any CPU
	EndGlobalSection
	GlobalSection(ProjectConfigurationPlatforms) = postSolution
		{A128DA0F-19DA-4073-8525-D853F04DD3E3}.Debug|Any CPU.ActiveCfg = Debug|Any CPU
		{A128DA0F-19DA-4073-8525-D853F04DD3E3}.Debug|Any CPU.Build.0 = Debug|Any CPU
		{A128DA0F-19DA-4073-8525-D853F04DD3E3}.Release|Any CPU.ActiveCfg = Release|Any CPU
		{A128DA0F-19DA-4073-8525-D853F04DD3E3}.Release|Any CPU.Build.0 = Release|Any CPU
	EndGlobalSection
	GlobalSection(SolutionProperties) = preSolution
		HideSolutionNode = FALSE
	EndGlobalSection
	GlobalSection(ExtensibilityGlobals) = postSolution
		SolutionGuid = {1657855D-DD98-4A89-9466-61831E7E0729}
	EndGlobalSection
EndGlobal
